
Microsoft Visual Studio Solution File, Format Version 12.00
# Visual Studio Version 17
VisualStudioVersion = 17.8.34316.72
MinimumVisualStudioVersion = 10.0.40219.1
Project("{FAE04EC0-301F-11D3-BF4B-00C04F79EFBC}") = "Task 2", "Task 2\Task 2.csproj", "{CD9D0CD6-2DF3-4407-8BF3-33F8F5C258DF}"
EndProject
Global
	GlobalSection(SolutionConfigurationPlatforms) = preSolution
		Debug|Any CPU = Debug|Any CPU
		Release|Any CPU = Release|Any CPU
	EndGlobalSection
	GlobalSection(ProjectConfigurationPlatforms) = postSolution
		{CD9D0CD6-2DF3-4407-8BF3-33F8F5C258DF}.Debug|Any CPU.ActiveCfg = Debug|Any CPU
		{CD9D0CD6-2DF3-4407-8BF3-33F8F5C258DF}.Debug|Any CPU.Build.0 = Debug|Any CPU
		{CD9D0CD6-2DF3-4407-8BF3-33F8F5C258DF}.Release|Any CPU.ActiveCfg = Release|Any CPU
		{CD9D0CD6-2DF3-4407-8BF3-33F8F5C258DF}.Release|Any CPU.Build.0 = Release|Any CPU
	EndGlobalSection
	GlobalSection(SolutionProperties) = preSolution
		HideSolutionNode = FALSE
	EndGlobalSection
	GlobalSection(ExtensibilityGlobals) = postSolution
		SolutionGuid = {A50BE3D6-D366-4E06-A8F5-FA8C39143B81}
	EndGlobalSection
EndGlobal
